
Microsoft Visual Studio Solution File, Format Version 12.00
# Visual Studio Version 17
VisualStudioVersion = 17.0.31903.59
MinimumVisualStudioVersion = 10.0.40219.1
Project("{2150E333-8FDC-42A3-9474-1A3956D46DE8}") = "src", "src", "{827E0CD3-B72D-47B6-A68D-7590B98EB39B}"
EndProject
Project("{2150E333-8FDC-42A3-9474-1A3956D46DE8}") = "FluentSend", "FluentSend", "{13B73951-662C-4B39-AB6A-EA4C2F999AC5}"
EndProject
Project("{FAE04EC0-301F-11D3-BF4B-00C04F79EFBC}") = "FluentSend", "src\FluentSend\FluentSend\FluentSend.csproj", "{7294D86A-64CE-437D-92F8-73FAC167116C}"
EndProject
Project("{FAE04EC0-301F-11D3-BF4B-00C04F79EFBC}") = "FluentSend.Desktop", "src\FluentSend\FluentSend.Desktop\FluentSend.Desktop.csproj", "{2F7645F4-53E0-406B-BC66-55443913C2C6}"
EndProject
Project("{FAE04EC0-301F-11D3-BF4B-00C04F79EFBC}") = "FluentSend.Android", "src\FluentSend\FluentSend.Android\FluentSend.Android.csproj", "{0F446D6F-56F3-41B7-8042-B0373F3AC855}"
EndProject
Global
	GlobalSection(SolutionConfigurationPlatforms) = preSolution
		Debug|Any CPU = Debug|Any CPU
		Debug|x64 = Debug|x64
		Debug|x86 = Debug|x86
		Release|Any CPU = Release|Any CPU
		Release|x64 = Release|x64
		Release|x86 = Release|x86
	EndGlobalSection
	GlobalSection(ProjectConfigurationPlatforms) = postSolution
		{7294D86A-64CE-437D-92F8-73FAC167116C}.Debug|Any CPU.ActiveCfg = Debug|Any CPU
		{7294D86A-64CE-437D-92F8-73FAC167116C}.Debug|Any CPU.Build.0 = Debug|Any CPU
		{7294D86A-64CE-437D-92F8-73FAC167116C}.Debug|x64.ActiveCfg = Debug|Any CPU
		{7294D86A-64CE-437D-92F8-73FAC167116C}.Debug|x64.Build.0 = Debug|Any CPU
		{7294D86A-64CE-437D-92F8-73FAC167116C}.Debug|x86.ActiveCfg = Debug|Any CPU
		{7294D86A-64CE-437D-92F8-73FAC167116C}.Debug|x86.Build.0 = Debug|Any CPU
		{7294D86A-64CE-437D-92F8-73FAC167116C}.Release|Any CPU.ActiveCfg = Release|Any CPU
		{7294D86A-64CE-437D-92F8-73FAC167116C}.Release|Any CPU.Build.0 = Release|Any CPU
		{7294D86A-64CE-437D-92F8-73FAC167116C}.Release|x64.ActiveCfg = Release|Any CPU
		{7294D86A-64CE-437D-92F8-73FAC167116C}.Release|x64.Build.0 = Release|Any CPU
		{7294D86A-64CE-437D-92F8-73FAC167116C}.Release|x86.ActiveCfg = Release|Any CPU
		{7294D86A-64CE-437D-92F8-73FAC167116C}.Release|x86.Build.0 = Release|Any CPU
		{2F7645F4-53E0-406B-BC66-55443913C2C6}.Debug|Any CPU.ActiveCfg = Debug|Any CPU
		{2F7645F4-53E0-406B-BC66-55443913C2C6}.Debug|Any CPU.Build.0 = Debug|Any CPU
		{2F7645F4-53E0-406B-BC66-55443913C2C6}.Debug|x64.ActiveCfg = Debug|Any CPU
		{2F7645F4-53E0-406B-BC66-55443913C2C6}.Debug|x64.Build.0 = Debug|Any CPU
		{2F7645F4-53E0-406B-BC66-55443913C2C6}.Debug|x86.ActiveCfg = Debug|Any CPU
		{2F7645F4-53E0-406B-BC66-55443913C2C6}.Debug|x86.Build.0 = Debug|Any CPU
		{2F7645F4-53E0-406B-BC66-55443913C2C6}.Release|Any CPU.ActiveCfg = Release|Any CPU
		{2F7645F4-53E0-406B-BC66-55443913C2C6}.Release|Any CPU.Build.0 = Release|Any CPU
		{2F7645F4-53E0-406B-BC66-55443913C2C6}.Release|x64.ActiveCfg = Release|Any CPU
		{2F7645F4-53E0-406B-BC66-55443913C2C6}.Release|x64.Build.0 = Release|Any CPU
		{2F7645F4-53E0-406B-BC66-55443913C2C6}.Release|x86.ActiveCfg = Release|Any CPU
		{2F7645F4-53E0-406B-BC66-55443913C2C6}.Release|x86.Build.0 = Release|Any CPU
		{0F446D6F-56F3-41B7-8042-B0373F3AC855}.Debug|Any CPU.ActiveCfg = Debug|Any CPU
		{0F446D6F-56F3-41B7-8042-B0373F3AC855}.Debug|Any CPU.Build.0 = Debug|Any CPU
		{0F446D6F-56F3-41B7-8042-B0373F3AC855}.Debug|x64.ActiveCfg = Debug|Any CPU
		{0F446D6F-56F3-41B7-8042-B0373F3AC855}.Debug|x64.Build.0 = Debug|Any CPU
		{0F446D6F-56F3-41B7-8042-B0373F3AC855}.Debug|x86.ActiveCfg = Debug|Any CPU
		{0F446D6F-56F3-41B7-8042-B0373F3AC855}.Debug|x86.Build.0 = Debug|Any CPU
		{0F446D6F-56F3-41B7-8042-B0373F3AC855}.Release|Any CPU.ActiveCfg = Release|Any CPU
		{0F446D6F-56F3-41B7-8042-B0373F3AC855}.Release|Any CPU.Build.0 = Release|Any CPU
		{0F446D6F-56F3-41B7-8042-B0373F3AC855}.Release|x64.ActiveCfg = Release|Any CPU
		{0F446D6F-56F3-41B7-8042-B0373F3AC855}.Release|x64.Build.0 = Release|Any CPU
		{0F446D6F-56F3-41B7-8042-B0373F3AC855}.Release|x86.ActiveCfg = Release|Any CPU
		{0F446D6F-56F3-41B7-8042-B0373F3AC855}.Release|x86.Build.0 = Release|Any CPU
	EndGlobalSection
	GlobalSection(SolutionProperties) = preSolution
		HideSolutionNode = FALSE
	EndGlobalSection
	GlobalSection(NestedProjects) = preSolution
		{13B73951-662C-4B39-AB6A-EA4C2F999AC5} = {827E0CD3-B72D-47B6-A68D-7590B98EB39B}
		{7294D86A-64CE-437D-92F8-73FAC167116C} = {13B73951-662C-4B39-AB6A-EA4C2F999AC5}
		{2F7645F4-53E0-406B-BC66-55443913C2C6} = {13B73951-662C-4B39-AB6A-EA4C2F999AC5}
		{0F446D6F-56F3-41B7-8042-B0373F3AC855} = {13B73951-662C-4B39-AB6A-EA4C2F999AC5}
	EndGlobalSection
EndGlobal
